
Microsoft Visual Studio Solution File, Format Version 12.00
# Visual Studio 2012
Project("{FAE04EC0-301F-11D3-BF4B-00C04F79EFBC}") = "SimpleFactory", "SimpleFactory\SimpleFactory.csproj", "{56AEEB16-DA2E-41A2-B3E3-C5DB47567C7B}"
EndProject
Project("{FAE04EC0-301F-11D3-BF4B-00C04F79EFBC}") = "AdapterPattern", "AdapterPattern\AdapterPattern.csproj", "{D95B5F9E-CCB5-481B-895D-F1DD0CD48528}"
EndProject
Project("{FAE04EC0-301F-11D3-BF4B-00C04F79EFBC}") = "ChainOfResponsibility", "ChainOfResponsibility\ChainOfResponsibility.csproj", "{D68E50EA-6930-4C42-8ACB-45868A64BEB0}"
EndProject
Project("{FAE04EC0-301F-11D3-BF4B-00C04F79EFBC}") = "FactoryFunction", "FactoryFunction\FactoryFunction.csproj", "{8B8AE3C0-C8B2-4754-A79C-C5BB49E00097}"
EndProject
Project("{FAE04EC0-301F-11D3-BF4B-00C04F79EFBC}") = "AbstractFactory", "AbstractFactory\AbstractFactory.csproj", "{26320EC4-28EB-44FE-8BBE-A5CF67FD9788}"
EndProject
Project("{FAE04EC0-301F-11D3-BF4B-00C04F79EFBC}") = "BridgePattern", "BridgePattern\BridgePattern.csproj", "{E16E8526-79DB-42C9-B799-B3DFD8A26CEC}"
EndProject
Project("{FAE04EC0-301F-11D3-BF4B-00C04F79EFBC}") = "CompositePattern", "CompositePattern\CompositePattern.csproj", "{3D4335AF-3793-4DCE-BB4B-490F367969D1}"
EndProject
Project("{FAE04EC0-301F-11D3-BF4B-00C04F79EFBC}") = "DecroatorPattern", "DecroatorPattern\DecroatorPattern.csproj", "{E1DCE442-59A1-42BC-A145-2CC2D9BC6AB1}"
EndProject
Project("{FAE04EC0-301F-11D3-BF4B-00C04F79EFBC}") = "SingletonPattern", "SingletonPattern\SingletonPattern.csproj", "{55E45847-1EC8-4DDE-B636-8BE23C8AEC2E}"
EndProject
Project("{FAE04EC0-301F-11D3-BF4B-00C04F79EFBC}") = "FacadePattern", "FacadePattern\FacadePattern.csproj", "{33BA0BF1-CE7C-4362-B11F-26336B91B0C9}"
EndProject
Project("{FAE04EC0-301F-11D3-BF4B-00C04F79EFBC}") = "FlyweightPattern", "FlyweightPattern\FlyweightPattern.csproj", "{A4EFD5D4-8AAE-4E26-ACDE-6FC8B3685AA3}"
EndProject
Global
	GlobalSection(SolutionConfigurationPlatforms) = preSolution
		Debug|Any CPU = Debug|Any CPU
		Release|Any CPU = Release|Any CPU
	EndGlobalSection
	GlobalSection(ProjectConfigurationPlatforms) = postSolution
		{56AEEB16-DA2E-41A2-B3E3-C5DB47567C7B}.Debug|Any CPU.ActiveCfg = Debug|Any CPU
		{56AEEB16-DA2E-41A2-B3E3-C5DB47567C7B}.Debug|Any CPU.Build.0 = Debug|Any CPU
		{56AEEB16-DA2E-41A2-B3E3-C5DB47567C7B}.Release|Any CPU.ActiveCfg = Release|Any CPU
		{56AEEB16-DA2E-41A2-B3E3-C5DB47567C7B}.Release|Any CPU.Build.0 = Release|Any CPU
		{D95B5F9E-CCB5-481B-895D-F1DD0CD48528}.Debug|Any CPU.ActiveCfg = Debug|Any CPU
		{D95B5F9E-CCB5-481B-895D-F1DD0CD48528}.Debug|Any CPU.Build.0 = Debug|Any CPU
		{D95B5F9E-CCB5-481B-895D-F1DD0CD48528}.Release|Any CPU.ActiveCfg = Release|Any CPU
		{D95B5F9E-CCB5-481B-895D-F1DD0CD48528}.Release|Any CPU.Build.0 = Release|Any CPU
		{D68E50EA-6930-4C42-8ACB-45868A64BEB0}.Debug|Any CPU.ActiveCfg = Debug|Any CPU
		{D68E50EA-6930-4C42-8ACB-45868A64BEB0}.Debug|Any CPU.Build.0 = Debug|Any CPU
		{D68E50EA-6930-4C42-8ACB-45868A64BEB0}.Release|Any CPU.ActiveCfg = Release|Any CPU
		{D68E50EA-6930-4C42-8ACB-45868A64BEB0}.Release|Any CPU.Build.0 = Release|Any CPU
		{8B8AE3C0-C8B2-4754-A79C-C5BB49E00097}.Debug|Any CPU.ActiveCfg = Debug|Any CPU
		{8B8AE3C0-C8B2-4754-A79C-C5BB49E00097}.Debug|Any CPU.Build.0 = Debug|Any CPU
		{8B8AE3C0-C8B2-4754-A79C-C5BB49E00097}.Release|Any CPU.ActiveCfg = Release|Any CPU
		{8B8AE3C0-C8B2-4754-A79C-C5BB49E00097}.Release|Any CPU.Build.0 = Release|Any CPU
		{26320EC4-28EB-44FE-8BBE-A5CF67FD9788}.Debug|Any CPU.ActiveCfg = Debug|Any CPU
		{26320EC4-28EB-44FE-8BBE-A5CF67FD9788}.Debug|Any CPU.Build.0 = Debug|Any CPU
		{26320EC4-28EB-44FE-8BBE-A5CF67FD9788}.Release|Any CPU.ActiveCfg = Release|Any CPU
		{26320EC4-28EB-44FE-8BBE-A5CF67FD9788}.Release|Any CPU.Build.0 = Release|Any CPU
		{E16E8526-79DB-42C9-B799-B3DFD8A26CEC}.Debug|Any CPU.ActiveCfg = Debug|Any CPU
		{E16E8526-79DB-42C9-B799-B3DFD8A26CEC}.Debug|Any CPU.Build.0 = Debug|Any CPU
		{E16E8526-79DB-42C9-B799-B3DFD8A26CEC}.Release|Any CPU.ActiveCfg = Release|Any CPU
		{E16E8526-79DB-42C9-B799-B3DFD8A26CEC}.Release|Any CPU.Build.0 = Release|Any CPU
		{3D4335AF-3793-4DCE-BB4B-490F367969D1}.Debug|Any CPU.ActiveCfg = Debug|Any CPU
		{3D4335AF-3793-4DCE-BB4B-490F367969D1}.Debug|Any CPU.Build.0 = Debug|Any CPU
		{3D4335AF-3793-4DCE-BB4B-490F367969D1}.Release|Any CPU.ActiveCfg = Release|Any CPU
		{3D4335AF-3793-4DCE-BB4B-490F367969D1}.Release|Any CPU.Build.0 = Release|Any CPU
		{E1DCE442-59A1-42BC-A145-2CC2D9BC6AB1}.Debug|Any CPU.ActiveCfg = Debug|Any CPU
		{E1DCE442-59A1-42BC-A145-2CC2D9BC6AB1}.Debug|Any CPU.Build.0 = Debug|Any CPU
		{E1DCE442-59A1-42BC-A145-2CC2D9BC6AB1}.Release|Any CPU.ActiveCfg = Release|Any CPU
		{E1DCE442-59A1-42BC-A145-2CC2D9BC6AB1}.Release|Any CPU.Build.0 = Release|Any CPU
		{55E45847-1EC8-4DDE-B636-8BE23C8AEC2E}.Debug|Any CPU.ActiveCfg = Debug|Any CPU
		{55E45847-1EC8-4DDE-B636-8BE23C8AEC2E}.Debug|Any CPU.Build.0 = Debug|Any CPU
		{55E45847-1EC8-4DDE-B636-8BE23C8AEC2E}.Release|Any CPU.ActiveCfg = Release|Any CPU
		{55E45847-1EC8-4DDE-B636-8BE23C8AEC2E}.Release|Any CPU.Build.0 = Release|Any CPU
		{33BA0BF1-CE7C-4362-B11F-26336B91B0C9}.Debug|Any CPU.ActiveCfg = Debug|Any CPU
		{33BA0BF1-CE7C-4362-B11F-26336B91B0C9}.Debug|Any CPU.Build.0 = Debug|Any CPU
		{33BA0BF1-CE7C-4362-B11F-26336B91B0C9}.Release|Any CPU.ActiveCfg = Release|Any CPU
		{33BA0BF1-CE7C-4362-B11F-26336B91B0C9}.Release|Any CPU.Build.0 = Release|Any CPU
		{A4EFD5D4-8AAE-4E26-ACDE-6FC8B3685AA3}.Debug|Any CPU.ActiveCfg = Debug|Any CPU
		{A4EFD5D4-8AAE-4E26-ACDE-6FC8B3685AA3}.Debug|Any CPU.Build.0 = Debug|Any CPU
		{A4EFD5D4-8AAE-4E26-ACDE-6FC8B3685AA3}.Release|Any CPU.ActiveCfg = Release|Any CPU
		{A4EFD5D4-8AAE-4E26-ACDE-6FC8B3685AA3}.Release|Any CPU.Build.0 = Release|Any CPU
	EndGlobalSection
	GlobalSection(SolutionProperties) = preSolution
		HideSolutionNode = FALSE
	EndGlobalSection
EndGlobal
